
Microsoft Visual Studio Solution File, Format Version 12.00
# Visual Studio Version 16
VisualStudioVersion = 16.0.31424.327
MinimumVisualStudioVersion = 10.0.40219.1
Project("{FAE04EC0-301F-11D3-BF4B-00C04F79EFBC}") = "ThingsToRemember.UWP", "ThingsToRemember\ThingsToRemember.UWP\ThingsToRemember.UWP.csproj", "{84339BF6-7144-46C6-A2C1-39309A0CBB47}"
EndProject
Project("{FAE04EC0-301F-11D3-BF4B-00C04F79EFBC}") = "ThingsToRemember.Android", "ThingsToRemember\ThingsToRemember.Android\ThingsToRemember.Android.csproj", "{726FF9DC-EBB8-4CD8-A9F5-337B2051D9CE}"
EndProject
Project("{FAE04EC0-301F-11D3-BF4B-00C04F79EFBC}") = "ThingsToRemember.iOS", "ThingsToRemember\ThingsToRemember.iOS\ThingsToRemember.iOS.csproj", "{CA591445-85A5-4AFE-98BF-404B1B2BB5E9}"
EndProject
Project("{9A19103F-16F7-4668-BE54-9A1E7A4F7556}") = "ThingsToRemember", "ThingsToRemember\ThingsToRemember\ThingsToRemember.csproj", "{642FBCAE-A008-448B-919A-DF919E2600CC}"
EndProject
Project("{9A19103F-16F7-4668-BE54-9A1E7A4F7556}") = "ThingsToTest", "ThingsToTest\ThingsToTest.csproj", "{331E5AC8-0A98-40BD-8241-1F5202A5AF22}"
EndProject
Project("{9A19103F-16F7-4668-BE54-9A1E7A4F7556}") = "ApplicationExceptions", "ApplicationExceptions\ApplicationExceptions.csproj", "{6A8364AB-274B-4273-B3F7-C946026A5BF3}"
EndProject
Project("{2150E333-8FDC-42A3-9474-1A3956D46DE8}") = "Targets", "Targets", "{083D5EC8-C1EC-4686-A643-4C2BD12BB766}"
EndProject
Global
	GlobalSection(SolutionConfigurationPlatforms) = preSolution
		Debug|Any CPU = Debug|Any CPU
		Debug|ARM = Debug|ARM
		Debug|iPhone = Debug|iPhone
		Debug|iPhoneSimulator = Debug|iPhoneSimulator
		Debug|x64 = Debug|x64
		Debug|x86 = Debug|x86
		Release|Any CPU = Release|Any CPU
		Release|ARM = Release|ARM
		Release|iPhone = Release|iPhone
		Release|iPhoneSimulator = Release|iPhoneSimulator
		Release|x64 = Release|x64
		Release|x86 = Release|x86
	EndGlobalSection
	GlobalSection(ProjectConfigurationPlatforms) = postSolution
		{84339BF6-7144-46C6-A2C1-39309A0CBB47}.Debug|Any CPU.ActiveCfg = Debug|x86
		{84339BF6-7144-46C6-A2C1-39309A0CBB47}.Debug|Any CPU.Build.0 = Debug|x86
		{84339BF6-7144-46C6-A2C1-39309A0CBB47}.Debug|Any CPU.Deploy.0 = Debug|x86
		{84339BF6-7144-46C6-A2C1-39309A0CBB47}.Debug|ARM.ActiveCfg = Debug|ARM
		{84339BF6-7144-46C6-A2C1-39309A0CBB47}.Debug|ARM.Build.0 = Debug|ARM
		{84339BF6-7144-46C6-A2C1-39309A0CBB47}.Debug|ARM.Deploy.0 = Debug|ARM
		{84339BF6-7144-46C6-A2C1-39309A0CBB47}.Debug|iPhone.ActiveCfg = Debug|x86
		{84339BF6-7144-46C6-A2C1-39309A0CBB47}.Debug|iPhone.Build.0 = Debug|x86
		{84339BF6-7144-46C6-A2C1-39309A0CBB47}.Debug|iPhone.Deploy.0 = Debug|x86
		{84339BF6-7144-46C6-A2C1-39309A0CBB47}.Debug|iPhoneSimulator.ActiveCfg = Debug|x86
		{84339BF6-7144-46C6-A2C1-39309A0CBB47}.Debug|iPhoneSimulator.Build.0 = Debug|x86
		{84339BF6-7144-46C6-A2C1-39309A0CBB47}.Debug|iPhoneSimulator.Deploy.0 = Debug|x86
		{84339BF6-7144-46C6-A2C1-39309A0CBB47}.Debug|x64.ActiveCfg = Debug|x64
		{84339BF6-7144-46C6-A2C1-39309A0CBB47}.Debug|x64.Build.0 = Debug|x64
		{84339BF6-7144-46C6-A2C1-39309A0CBB47}.Debug|x64.Deploy.0 = Debug|x64
		{84339BF6-7144-46C6-A2C1-39309A0CBB47}.Debug|x86.ActiveCfg = Debug|x86
		{84339BF6-7144-46C6-A2C1-39309A0CBB47}.Debug|x86.Build.0 = Debug|x86
		{84339BF6-7144-46C6-A2C1-39309A0CBB47}.Debug|x86.Deploy.0 = Debug|x86
		{84339BF6-7144-46C6-A2C1-39309A0CBB47}.Release|Any CPU.ActiveCfg = Release|x86
		{84339BF6-7144-46C6-A2C1-39309A0CBB47}.Release|Any CPU.Build.0 = Release|x86
		{84339BF6-7144-46C6-A2C1-39309A0CBB47}.Release|Any CPU.Deploy.0 = Release|x86
		{84339BF6-7144-46C6-A2C1-39309A0CBB47}.Release|ARM.ActiveCfg = Release|ARM
		{84339BF6-7144-46C6-A2C1-39309A0CBB47}.Release|ARM.Build.0 = Release|ARM
		{84339BF6-7144-46C6-A2C1-39309A0CBB47}.Release|ARM.Deploy.0 = Release|ARM
		{84339BF6-7144-46C6-A2C1-39309A0CBB47}.Release|iPhone.ActiveCfg = Release|x86
		{84339BF6-7144-46C6-A2C1-39309A0CBB47}.Release|iPhone.Build.0 = Release|x86
		{84339BF6-7144-46C6-A2C1-39309A0CBB47}.Release|iPhone.Deploy.0 = Release|x86
		{84339BF6-7144-46C6-A2C1-39309A0CBB47}.Release|iPhoneSimulator.ActiveCfg = Release|x86
		{84339BF6-7144-46C6-A2C1-39309A0CBB47}.Release|iPhoneSimulator.Build.0 = Release|x86
		{84339BF6-7144-46C6-A2C1-39309A0CBB47}.Release|iPhoneSimulator.Deploy.0 = Release|x86
		{84339BF6-7144-46C6-A2C1-39309A0CBB47}.Release|x64.ActiveCfg = Release|x64
		{84339BF6-7144-46C6-A2C1-39309A0CBB47}.Release|x64.Build.0 = Release|x64
		{84339BF6-7144-46C6-A2C1-39309A0CBB47}.Release|x64.Deploy.0 = Release|x64
		{84339BF6-7144-46C6-A2C1-39309A0CBB47}.Release|x86.ActiveCfg = Release|x86
		{84339BF6-7144-46C6-A2C1-39309A0CBB47}.Release|x86.Build.0 = Release|x86
		{84339BF6-7144-46C6-A2C1-39309A0CBB47}.Release|x86.Deploy.0 = Release|x86
		{726FF9DC-EBB8-4CD8-A9F5-337B2051D9CE}.Debug|Any CPU.ActiveCfg = Debug|Any CPU
		{726FF9DC-EBB8-4CD8-A9F5-337B2051D9CE}.Debug|Any CPU.Build.0 = Debug|Any CPU
		{726FF9DC-EBB8-4CD8-A9F5-337B2051D9CE}.Debug|Any CPU.Deploy.0 = Debug|Any CPU
		{726FF9DC-EBB8-4CD8-A9F5-337B2051D9CE}.Debug|ARM.ActiveCfg = Debug|Any CPU
		{726FF9DC-EBB8-4CD8-A9F5-337B2051D9CE}.Debug|ARM.Build.0 = Debug|Any CPU
		{726FF9DC-EBB8-4CD8-A9F5-337B2051D9CE}.Debug|ARM.Deploy.0 = Debug|Any CPU
		{726FF9DC-EBB8-4CD8-A9F5-337B2051D9CE}.Debug|iPhone.ActiveCfg = Debug|Any CPU
		{726FF9DC-EBB8-4CD8-A9F5-337B2051D9CE}.Debug|iPhone.Build.0 = Debug|Any CPU
		{726FF9DC-EBB8-4CD8-A9F5-337B2051D9CE}.Debug|iPhone.Deploy.0 = Debug|Any CPU
		{726FF9DC-EBB8-4CD8-A9F5-337B2051D9CE}.Debug|iPhoneSimulator.ActiveCfg = Debug|Any CPU
		{726FF9DC-EBB8-4CD8-A9F5-337B2051D9CE}.Debug|iPhoneSimulator.Build.0 = Debug|Any CPU
		{726FF9DC-EBB8-4CD8-A9F5-337B2051D9CE}.Debug|iPhoneSimulator.Deploy.0 = Debug|Any CPU
		{726FF9DC-EBB8-4CD8-A9F5-337B2051D9CE}.Debug|x64.ActiveCfg = Debug|Any CPU
		{726FF9DC-EBB8-4CD8-A9F5-337B2051D9CE}.Debug|x64.Build.0 = Debug|Any CPU
		{726FF9DC-EBB8-4CD8-A9F5-337B2051D9CE}.Debug|x64.Deploy.0 = Debug|Any CPU
		{726FF9DC-EBB8-4CD8-A9F5-337B2051D9CE}.Debug|x86.ActiveCfg = Debug|Any CPU
		{726FF9DC-EBB8-4CD8-A9F5-337B2051D9CE}.Debug|x86.Build.0 = Debug|Any CPU
		{726FF9DC-EBB8-4CD8-A9F5-337B2051D9CE}.Debug|x86.Deploy.0 = Debug|Any CPU
		{726FF9DC-EBB8-4CD8-A9F5-337B2051D9CE}.Release|Any CPU.ActiveCfg = Release|Any CPU
		{726FF9DC-EBB8-4CD8-A9F5-337B2051D9CE}.Release|Any CPU.Build.0 = Release|Any CPU
		{726FF9DC-EBB8-4CD8-A9F5-337B2051D9CE}.Release|Any CPU.Deploy.0 = Release|Any CPU
		{726FF9DC-EBB8-4CD8-A9F5-337B2051D9CE}.Release|ARM.ActiveCfg = Release|Any CPU
		{726FF9DC-EBB8-4CD8-A9F5-337B2051D9CE}.Release|ARM.Build.0 = Release|Any CPU
		{726FF9DC-EBB8-4CD8-A9F5-337B2051D9CE}.Release|ARM.Deploy.0 = Release|Any CPU
		{726FF9DC-EBB8-4CD8-A9F5-337B2051D9CE}.Release|iPhone.ActiveCfg = Release|Any CPU
		{726FF9DC-EBB8-4CD8-A9F5-337B2051D9CE}.Release|iPhone.Build.0 = Release|Any CPU
		{726FF9DC-EBB8-4CD8-A9F5-337B2051D9CE}.Release|iPhone.Deploy.0 = Release|Any CPU
		{726FF9DC-EBB8-4CD8-A9F5-337B2051D9CE}.Release|iPhoneSimulator.ActiveCfg = Release|Any CPU
		{726FF9DC-EBB8-4CD8-A9F5-337B2051D9CE}.Release|iPhoneSimulator.Build.0 = Release|Any CPU
		{726FF9DC-EBB8-4CD8-A9F5-337B2051D9CE}.Release|iPhoneSimulator.Deploy.0 = Release|Any CPU
		{726FF9DC-EBB8-4CD8-A9F5-337B2051D9CE}.Release|x64.ActiveCfg = Release|Any CPU
		{726FF9DC-EBB8-4CD8-A9F5-337B2051D9CE}.Release|x64.Build.0 = Release|Any CPU
		{726FF9DC-EBB8-4CD8-A9F5-337B2051D9CE}.Release|x64.Deploy.0 = Release|Any CPU
		{726FF9DC-EBB8-4CD8-A9F5-337B2051D9CE}.Release|x86.ActiveCfg = Release|Any CPU
		{726FF9DC-EBB8-4CD8-A9F5-337B2051D9CE}.Release|x86.Build.0 = Release|Any CPU
		{726FF9DC-EBB8-4CD8-A9F5-337B2051D9CE}.Release|x86.Deploy.0 = Release|Any CPU
		{CA591445-85A5-4AFE-98BF-404B1B2BB5E9}.Debug|Any CPU.ActiveCfg = Debug|iPhoneSimulator
		{CA591445-85A5-4AFE-98BF-404B1B2BB5E9}.Debug|Any CPU.Build.0 = Debug|iPhoneSimulator
		{CA591445-85A5-4AFE-98BF-404B1B2BB5E9}.Debug|Any CPU.Deploy.0 = Debug|iPhoneSimulator
		{CA591445-85A5-4AFE-98BF-404B1B2BB5E9}.Debug|ARM.ActiveCfg = Debug|iPhone
		{CA591445-85A5-4AFE-98BF-404B1B2BB5E9}.Debug|ARM.Build.0 = Debug|iPhone
		{CA591445-85A5-4AFE-98BF-404B1B2BB5E9}.Debug|ARM.Deploy.0 = Debug|iPhone
		{CA591445-85A5-4AFE-98BF-404B1B2BB5E9}.Debug|iPhone.ActiveCfg = Debug|iPhone
		{CA591445-85A5-4AFE-98BF-404B1B2BB5E9}.Debug|iPhone.Build.0 = Debug|iPhone
		{CA591445-85A5-4AFE-98BF-404B1B2BB5E9}.Debug|iPhone.Deploy.0 = Debug|iPhone
		{CA591445-85A5-4AFE-98BF-404B1B2BB5E9}.Debug|iPhoneSimulator.ActiveCfg = Debug|iPhoneSimulator
		{CA591445-85A5-4AFE-98BF-404B1B2BB5E9}.Debug|iPhoneSimulator.Build.0 = Debug|iPhoneSimulator
		{CA591445-85A5-4AFE-98BF-404B1B2BB5E9}.Debug|iPhoneSimulator.Deploy.0 = Debug|iPhoneSimulator
		{CA591445-85A5-4AFE-98BF-404B1B2BB5E9}.Debug|x64.ActiveCfg = Debug|iPhoneSimulator
		{CA591445-85A5-4AFE-98BF-404B1B2BB5E9}.Debug|x64.Build.0 = Debug|iPhoneSimulator
		{CA591445-85A5-4AFE-98BF-404B1B2BB5E9}.Debug|x64.Deploy.0 = Debug|iPhoneSimulator
		{CA591445-85A5-4AFE-98BF-404B1B2BB5E9}.Debug|x86.ActiveCfg = Debug|iPhoneSimulator
		{CA591445-85A5-4AFE-98BF-404B1B2BB5E9}.Debug|x86.Build.0 = Debug|iPhoneSimulator
		{CA591445-85A5-4AFE-98BF-404B1B2BB5E9}.Debug|x86.Deploy.0 = Debug|iPhoneSimulator
		{CA591445-85A5-4AFE-98BF-404B1B2BB5E9}.Release|Any CPU.ActiveCfg = Release|iPhoneSimulator
		{CA591445-85A5-4AFE-98BF-404B1B2BB5E9}.Release|Any CPU.Build.0 = Release|iPhoneSimulator
		{CA591445-85A5-4AFE-98BF-404B1B2BB5E9}.Release|Any CPU.Deploy.0 = Release|iPhoneSimulator
		{CA591445-85A5-4AFE-98BF-404B1B2BB5E9}.Release|ARM.ActiveCfg = Release|iPhoneSimulator
		{CA591445-85A5-4AFE-98BF-404B1B2BB5E9}.Release|ARM.Build.0 = Release|iPhoneSimulator
		{CA591445-85A5-4AFE-98BF-404B1B2BB5E9}.Release|ARM.Deploy.0 = Release|iPhoneSimulator
		{CA591445-85A5-4AFE-98BF-404B1B2BB5E9}.Release|iPhone.ActiveCfg = Release|iPhone
		{CA591445-85A5-4AFE-98BF-404B1B2BB5E9}.Release|iPhone.Build.0 = Release|iPhone
		{CA591445-85A5-4AFE-98BF-404B1B2BB5E9}.Release|iPhone.Deploy.0 = Release|iPhone
		{CA591445-85A5-4AFE-98BF-404B1B2BB5E9}.Release|iPhoneSimulator.ActiveCfg = Release|iPhoneSimulator
		{CA591445-85A5-4AFE-98BF-404B1B2BB5E9}.Release|iPhoneSimulator.Build.0 = Release|iPhoneSimulator
		{CA591445-85A5-4AFE-98BF-404B1B2BB5E9}.Release|iPhoneSimulator.Deploy.0 = Release|iPhoneSimulator
		{CA591445-85A5-4AFE-98BF-404B1B2BB5E9}.Release|x64.ActiveCfg = Release|iPhoneSimulator
		{CA591445-85A5-4AFE-98BF-404B1B2BB5E9}.Release|x64.Build.0 = Release|iPhoneSimulator
		{CA591445-85A5-4AFE-98BF-404B1B2BB5E9}.Release|x64.Deploy.0 = Release|iPhoneSimulator
		{CA591445-85A5-4AFE-98BF-404B1B2BB5E9}.Release|x86.ActiveCfg = Release|iPhoneSimulator
		{CA591445-85A5-4AFE-98BF-404B1B2BB5E9}.Release|x86.Build.0 = Release|iPhoneSimulator
		{CA591445-85A5-4AFE-98BF-404B1B2BB5E9}.Release|x86.Deploy.0 = Release|iPhoneSimulator
		{642FBCAE-A008-448B-919A-DF919E2600CC}.Debug|Any CPU.ActiveCfg = Debug|Any CPU
		{642FBCAE-A008-448B-919A-DF919E2600CC}.Debug|Any CPU.Build.0 = Debug|Any CPU
		{642FBCAE-A008-448B-919A-DF919E2600CC}.Debug|Any CPU.Deploy.0 = Debug|Any CPU
		{642FBCAE-A008-448B-919A-DF919E2600CC}.Debug|ARM.ActiveCfg = Debug|Any CPU
		{642FBCAE-A008-448B-919A-DF919E2600CC}.Debug|ARM.Build.0 = Debug|Any CPU
		{642FBCAE-A008-448B-919A-DF919E2600CC}.Debug|ARM.Deploy.0 = Debug|Any CPU
		{642FBCAE-A008-448B-919A-DF919E2600CC}.Debug|iPhone.ActiveCfg = Debug|Any CPU
		{642FBCAE-A008-448B-919A-DF919E2600CC}.Debug|iPhone.Build.0 = Debug|Any CPU
		{642FBCAE-A008-448B-919A-DF919E2600CC}.Debug|iPhone.Deploy.0 = Debug|Any CPU
		{642FBCAE-A008-448B-919A-DF919E2600CC}.Debug|iPhoneSimulator.ActiveCfg = Debug|Any CPU
		{642FBCAE-A008-448B-919A-DF919E2600CC}.Debug|iPhoneSimulator.Build.0 = Debug|Any CPU
		{642FBCAE-A008-448B-919A-DF919E2600CC}.Debug|iPhoneSimulator.Deploy.0 = Debug|Any CPU
		{642FBCAE-A008-448B-919A-DF919E2600CC}.Debug|x64.ActiveCfg = Debug|Any CPU
		{642FBCAE-A008-448B-919A-DF919E2600CC}.Debug|x64.Build.0 = Debug|Any CPU
		{642FBCAE-A008-448B-919A-DF919E2600CC}.Debug|x64.Deploy.0 = Debug|Any CPU
		{642FBCAE-A008-448B-919A-DF919E2600CC}.Debug|x86.ActiveCfg = Debug|Any CPU
		{642FBCAE-A008-448B-919A-DF919E2600CC}.Debug|x86.Build.0 = Debug|Any CPU
		{642FBCAE-A008-448B-919A-DF919E2600CC}.Debug|x86.Deploy.0 = Debug|Any CPU
		{642FBCAE-A008-448B-919A-DF919E2600CC}.Release|Any CPU.ActiveCfg = Release|Any CPU
		{642FBCAE-A008-448B-919A-DF919E2600CC}.Release|Any CPU.Build.0 = Release|Any CPU
		{642FBCAE-A008-448B-919A-DF919E2600CC}.Release|Any CPU.Deploy.0 = Release|Any CPU
		{642FBCAE-A008-448B-919A-DF919E2600CC}.Release|ARM.ActiveCfg = Release|Any CPU
		{642FBCAE-A008-448B-919A-DF919E2600CC}.Release|ARM.Build.0 = Release|Any CPU
		{642FBCAE-A008-448B-919A-DF919E2600CC}.Release|ARM.Deploy.0 = Release|Any CPU
		{642FBCAE-A008-448B-919A-DF919E2600CC}.Release|iPhone.ActiveCfg = Release|Any CPU
		{642FBCAE-A008-448B-919A-DF919E2600CC}.Release|iPhone.Build.0 = Release|Any CPU
		{642FBCAE-A008-448B-919A-DF919E2600CC}.Release|iPhone.Deploy.0 = Release|Any CPU
		{642FBCAE-A008-448B-919A-DF919E2600CC}.Release|iPhoneSimulator.ActiveCfg = Release|Any CPU
		{642FBCAE-A008-448B-919A-DF919E2600CC}.Release|iPhoneSimulator.Build.0 = Release|Any CPU
		{642FBCAE-A008-448B-919A-DF919E2600CC}.Release|iPhoneSimulator.Deploy.0 = Release|Any CPU
		{642FBCAE-A008-448B-919A-DF919E2600CC}.Release|x64.ActiveCfg = Release|Any CPU
		{642FBCAE-A008-448B-919A-DF919E2600CC}.Release|x64.Build.0 = Release|Any CPU
		{642FBCAE-A008-448B-919A-DF919E2600CC}.Release|x64.Deploy.0 = Release|Any CPU
		{642FBCAE-A008-448B-919A-DF919E2600CC}.Release|x86.ActiveCfg = Release|Any CPU
		{642FBCAE-A008-448B-919A-DF919E2600CC}.Release|x86.Build.0 = Release|Any CPU
		{642FBCAE-A008-448B-919A-DF919E2600CC}.Release|x86.Deploy.0 = Release|Any CPU
		{331E5AC8-0A98-40BD-8241-1F5202A5AF22}.Debug|Any CPU.ActiveCfg = Debug|Any CPU
		{331E5AC8-0A98-40BD-8241-1F5202A5AF22}.Debug|Any CPU.Build.0 = Debug|Any CPU
		{331E5AC8-0A98-40BD-8241-1F5202A5AF22}.Debug|ARM.ActiveCfg = Debug|Any CPU
		{331E5AC8-0A98-40BD-8241-1F5202A5AF22}.Debug|ARM.Build.0 = Debug|Any CPU
		{331E5AC8-0A98-40BD-8241-1F5202A5AF22}.Debug|iPhone.ActiveCfg = Debug|Any CPU
		{331E5AC8-0A98-40BD-8241-1F5202A5AF22}.Debug|iPhone.Build.0 = Debug|Any CPU
		{331E5AC8-0A98-40BD-8241-1F5202A5AF22}.Debug|iPhoneSimulator.ActiveCfg = Debug|Any CPU
		{331E5AC8-0A98-40BD-8241-1F5202A5AF22}.Debug|iPhoneSimulator.Build.0 = Debug|Any CPU
		{331E5AC8-0A98-40BD-8241-1F5202A5AF22}.Debug|x64.ActiveCfg = Debug|Any CPU
		{331E5AC8-0A98-40BD-8241-1F5202A5AF22}.Debug|x64.Build.0 = Debug|Any CPU
		{331E5AC8-0A98-40BD-8241-1F5202A5AF22}.Debug|x86.ActiveCfg = Debug|Any CPU
		{331E5AC8-0A98-40BD-8241-1F5202A5AF22}.Debug|x86.Build.0 = Debug|Any CPU
		{331E5AC8-0A98-40BD-8241-1F5202A5AF22}.Release|Any CPU.ActiveCfg = Release|Any CPU
		{331E5AC8-0A98-40BD-8241-1F5202A5AF22}.Release|Any CPU.Build.0 = Release|Any CPU
		{331E5AC8-0A98-40BD-8241-1F5202A5AF22}.Release|ARM.ActiveCfg = Release|Any CPU
		{331E5AC8-0A98-40BD-8241-1F5202A5AF22}.Release|ARM.Build.0 = Release|Any CPU
		{331E5AC8-0A98-40BD-8241-1F5202A5AF22}.Release|iPhone.ActiveCfg = Release|Any CPU
		{331E5AC8-0A98-40BD-8241-1F5202A5AF22}.Release|iPhone.Build.0 = Release|Any CPU
		{331E5AC8-0A98-40BD-8241-1F5202A5AF22}.Release|iPhoneSimulator.ActiveCfg = Release|Any CPU
		{331E5AC8-0A98-40BD-8241-1F5202A5AF22}.Release|iPhoneSimulator.Build.0 = Release|Any CPU
		{331E5AC8-0A98-40BD-8241-1F5202A5AF22}.Release|x64.ActiveCfg = Release|Any CPU
		{331E5AC8-0A98-40BD-8241-1F5202A5AF22}.Release|x64.Build.0 = Release|Any CPU
		{331E5AC8-0A98-40BD-8241-1F5202A5AF22}.Release|x86.ActiveCfg = Release|Any CPU
		{331E5AC8-0A98-40BD-8241-1F5202A5AF22}.Release|x86.Build.0 = Release|Any CPU
		{6A8364AB-274B-4273-B3F7-C946026A5BF3}.Debug|Any CPU.ActiveCfg = Debug|Any CPU
		{6A8364AB-274B-4273-B3F7-C946026A5BF3}.Debug|Any CPU.Build.0 = Debug|Any CPU
		{6A8364AB-274B-4273-B3F7-C946026A5BF3}.Debug|ARM.ActiveCfg = Debug|Any CPU
		{6A8364AB-274B-4273-B3F7-C946026A5BF3}.Debug|ARM.Build.0 = Debug|Any CPU
		{6A8364AB-274B-4273-B3F7-C946026A5BF3}.Debug|iPhone.ActiveCfg = Debug|Any CPU
		{6A8364AB-274B-4273-B3F7-C946026A5BF3}.Debug|iPhone.Build.0 = Debug|Any CPU
		{6A8364AB-274B-4273-B3F7-C946026A5BF3}.Debug|iPhoneSimulator.ActiveCfg = Debug|Any CPU
		{6A8364AB-274B-4273-B3F7-C946026A5BF3}.Debug|iPhoneSimulator.Build.0 = Debug|Any CPU
		{6A8364AB-274B-4273-B3F7-C946026A5BF3}.Debug|x64.ActiveCfg = Debug|Any CPU
		{6A8364AB-274B-4273-B3F7-C946026A5BF3}.Debug|x64.Build.0 = Debug|Any CPU
		{6A8364AB-274B-4273-B3F7-C946026A5BF3}.Debug|x86.ActiveCfg = Debug|Any CPU
		{6A8364AB-274B-4273-B3F7-C946026A5BF3}.Debug|x86.Build.0 = Debug|Any CPU
		{6A8364AB-274B-4273-B3F7-C946026A5BF3}.Release|Any CPU.ActiveCfg = Release|Any CPU
		{6A8364AB-274B-4273-B3F7-C946026A5BF3}.Release|Any CPU.Build.0 = Release|Any CPU
		{6A8364AB-274B-4273-B3F7-C946026A5BF3}.Release|ARM.ActiveCfg = Release|Any CPU
		{6A8364AB-274B-4273-B3F7-C946026A5BF3}.Release|ARM.Build.0 = Release|Any CPU
		{6A8364AB-274B-4273-B3F7-C946026A5BF3}.Release|iPhone.ActiveCfg = Release|Any CPU
		{6A8364AB-274B-4273-B3F7-C946026A5BF3}.Release|iPhone.Build.0 = Release|Any CPU
		{6A8364AB-274B-4273-B3F7-C946026A5BF3}.Release|iPhoneSimulator.ActiveCfg = Release|Any CPU
		{6A8364AB-274B-4273-B3F7-C946026A5BF3}.Release|iPhoneSimulator.Build.0 = Release|Any CPU
		{6A8364AB-274B-4273-B3F7-C946026A5BF3}.Release|x64.ActiveCfg = Release|Any CPU
		{6A8364AB-274B-4273-B3F7-C946026A5BF3}.Release|x64.Build.0 = Release|Any CPU
		{6A8364AB-274B-4273-B3F7-C946026A5BF3}.Release|x86.ActiveCfg = Release|Any CPU
		{6A8364AB-274B-4273-B3F7-C946026A5BF3}.Release|x86.Build.0 = Release|Any CPU
	EndGlobalSection
	GlobalSection(SolutionProperties) = preSolution
		HideSolutionNode = FALSE
	EndGlobalSection
	GlobalSection(NestedProjects) = preSolution
		{84339BF6-7144-46C6-A2C1-39309A0CBB47} = {083D5EC8-C1EC-4686-A643-4C2BD12BB766}
		{726FF9DC-EBB8-4CD8-A9F5-337B2051D9CE} = {083D5EC8-C1EC-4686-A643-4C2BD12BB766}
		{CA591445-85A5-4AFE-98BF-404B1B2BB5E9} = {083D5EC8-C1EC-4686-A643-4C2BD12BB766}
	EndGlobalSection
	GlobalSection(ExtensibilityGlobals) = postSolution
		SolutionGuid = {A47DE080-621E-4566-B92D-A87FF4F802B3}
	EndGlobalSection
EndGlobal
